# This file is autogenerated, do not edit; changes may be undone by the next 'dep ensure'.


[[projects]]
  branch = "master"
  name = "github.com/ip2location/ip2location-go"
  packages = ["."]
  revision = "ce0210d29b3ed49cd25ee719aa6bb24119d433a5"

[[projects]]
  name = "github.com/oschwald/maxminddb-golang"
  packages = ["."]
  revision = "d19f6d453e836d12ee8fe895d0494421e93ef8c1"
  version = "v1.2.0"

[[projects]]
  branch = "master"
  name = "golang.org/x/sys"
  packages = ["unix","windows"]
  revision = "571f7bbbe08da2a8955aed9d4db316e78630e9a3"

[solve-meta]
  analyzer-name = "dep"
  analyzer-version = 1
  inputs-digest = "18ff13fa083b60803fb8b2c8b99d7196a8d646cd2181e885d9e3f6b213f6fdda"
  solver-name = "gps-cdcl"
  solver-version = 1
